
Microsoft Visual Studio Solution File, Format Version 12.00
Project("{F2A71F9B-5D33-465A-A702-920D77279786}") = "FSharpTraining", "FSharpTraining.fsproj", "{3182BF3C-F3C6-441C-9225-96D5E4BB373F}"
EndProject
Global
	GlobalSection(SolutionConfigurationPlatforms) = preSolution
		Debug|Any CPU = Debug|Any CPU
		Release|Any CPU = Release|Any CPU
	EndGlobalSection
	GlobalSection(ProjectConfigurationPlatforms) = postSolution
		{3182BF3C-F3C6-441C-9225-96D5E4BB373F}.Debug|Any CPU.ActiveCfg = Debug|Any CPU
		{3182BF3C-F3C6-441C-9225-96D5E4BB373F}.Debug|Any CPU.Build.0 = Debug|Any CPU
		{3182BF3C-F3C6-441C-9225-96D5E4BB373F}.Release|Any CPU.ActiveCfg = Release|Any CPU
		{3182BF3C-F3C6-441C-9225-96D5E4BB373F}.Release|Any CPU.Build.0 = Release|Any CPU
	EndGlobalSection
EndGlobal
